// !$*UTF8*$!
{
	archiveVersion = 1;
	classes = {
	};
	objectVersion = 50;
	objects = {

/* Begin PBXBuildFile section */
		3F7FD11F24711EAB00C5742E /* AppDelegate.swift in Sources */ = {isa = PBXBuildFile; fileRef = 3F7FD11E24711EAB00C5742E /* AppDelegate.swift */; };
		3F7FD12124711EAB00C5742E /* SceneDelegate.swift in Sources */ = {isa = PBXBuildFile; fileRef = 3F7FD12024711EAB00C5742E /* SceneDelegate.swift */; };
		3F7FD12524711EAC00C5742E /* Assets.xcassets in Resources */ = {isa = PBXBuildFile; fileRef = 3F7FD12424711EAC00C5742E /* Assets.xcassets */; };
		3F7FD12824711EAC00C5742E /* Preview Assets.xcassets in Resources */ = {isa = PBXBuildFile; fileRef = 3F7FD12724711EAC00C5742E /* Preview Assets.xcassets */; };
		3F7FD12B24711EAC00C5742E /* LaunchScreen.storyboard in Resources */ = {isa = PBXBuildFile; fileRef = 3F7FD12924711EAC00C5742E /* LaunchScreen.storyboard */; };
		3F7FD13424711F3100C5742E /* SignInView.swift in Sources */ = {isa = PBXBuildFile; fileRef = 3F7FD13324711F3100C5742E /* SignInView.swift */; };
		3FF59FE5247C1A5600CAD83F /* SignUpView.swift in Sources */ = {isa = PBXBuildFile; fileRef = 3FF59FE4247C1A5600CAD83F /* SignUpView.swift */; };
		3FF59FE8247C1C7700CAD83F /* TitleView.swift in Sources */ = {isa = PBXBuildFile; fileRef = 3FF59FE7247C1C7600CAD83F /* TitleView.swift */; };
/* End PBXBuildFile section */

/* Begin PBXFileReference section */
		3F7FD11B24711EAB00C5742E /* CircleUI.app */ = {isa = PBXFileReference; explicitFileType = wrapper.application; includeInIndex = 0; path = CircleUI.app; sourceTree = BUILT_PRODUCTS_DIR; };
		3F7FD11E24711EAB00C5742E /* AppDelegate.swift */ = {isa = PBXFileReference; lastKnownFileType = sourcecode.swift; path = AppDelegate.swift; sourceTree = "<group>"; };
		3F7FD12024711EAB00C5742E /* SceneDelegate.swift */ = {isa = PBXFileReference; lastKnownFileType = sourcecode.swift; path = SceneDelegate.swift; sourceTree = "<group>"; };
		3F7FD12424711EAC00C5742E /* Assets.xcassets */ = {isa = PBXFileReference; lastKnownFileType = folder.assetcatalog; path = Assets.xcassets; sourceTree = "<group>"; };
		3F7FD12724711EAC00C5742E /* Preview Assets.xcassets */ = {isa = PBXFileReference; lastKnownFileType = folder.assetcatalog; path = "Preview Assets.xcassets"; sourceTree = "<group>"; };
		3F7FD12A24711EAC00C5742E /* Base */ = {isa = PBXFileReference; lastKnownFileType = file.storyboard; name = Base; path = Base.lproj/LaunchScreen.storyboard; sourceTree = "<group>"; };
		3F7FD12C24711EAC00C5742E /* Info.plist */ = {isa = PBXFileReference; lastKnownFileType = text.plist.xml; path = Info.plist; sourceTree = "<group>"; };
		3F7FD13324711F3100C5742E /* SignInView.swift */ = {isa = PBXFileReference; lastKnownFileType = sourcecode.swift; path = SignInView.swift; sourceTree = "<group>"; };
		3FF59FE4247C1A5600CAD83F /* SignUpView.swift */ = {isa = PBXFileReference; lastKnownFileType = sourcecode.swift; path = SignUpView.swift; sourceTree = "<group>"; };
		3FF59FE7247C1C7600CAD83F /* TitleView.swift */ = {isa = PBXFileReference; lastKnownFileType = sourcecode.swift; path = TitleView.swift; sourceTree = "<group>"; };
/* End PBXFileReference section */

/* Begin PBXFrameworksBuildPhase section */
		3F7FD11824711EAB00C5742E /* Frameworks */ = {
			isa = PBXFrameworksBuildPhase;
			buildActionMask = 2147483647;
			files = (
			);
			runOnlyForDeploymentPostprocessing = 0;
		};
/* End PBXFrameworksBuildPhase section */

/* Begin PBXGroup section */
		3F7FD11224711EAB00C5742E = {
			isa = PBXGroup;
			children = (
				3F7FD11D24711EAB00C5742E /* CircleUI */,
				3F7FD11C24711EAB00C5742E /* Products */,
			);
			sourceTree = "<group>";
		};
		3F7FD11C24711EAB00C5742E /* Products */ = {
			isa = PBXGroup;
			children = (
				3F7FD11B24711EAB00C5742E /* CircleUI.app */,
			);
			name = Products;
			sourceTree = "<group>";
		};
		3F7FD11D24711EAB00C5742E /* CircleUI */ = {
			isa = PBXGroup;
			children = (
				3FF59FE6247C1C5500CAD83F /* Controls */,
				3F7FD13224711F1C00C5742E /* Views */,
				3F7FD11E24711EAB00C5742E /* AppDelegate.swift */,
				3F7FD12024711EAB00C5742E /* SceneDelegate.swift */,
				3F7FD12424711EAC00C5742E /* Assets.xcassets */,
				3F7FD12924711EAC00C5742E /* LaunchScreen.storyboard */,
				3F7FD12C24711EAC00C5742E /* Info.plist */,
				3F7FD12624711EAC00C5742E /* Preview Content */,
			);
			path = CircleUI;
			sourceTree = "<group>";
		};
		3F7FD12624711EAC00C5742E /* Preview Content */ = {
			isa = PBXGroup;
			children = (
				3F7FD12724711EAC00C5742E /* Preview Assets.xcassets */,
			);
			path = "Preview Content";
			sourceTree = "<group>";
		};
		3F7FD13224711F1C00C5742E /* Views */ = {
			isa = PBXGroup;
			children = (
				3F7FD13324711F3100C5742E /* SignInView.swift */,
				3FF59FE4247C1A5600CAD83F /* SignUpView.swift */,
			);
			path = Views;
			sourceTree = "<group>";
		};
		3FF59FE6247C1C5500CAD83F /* Controls */ = {
			isa = PBXGroup;
			children = (
				3FF59FE7247C1C7600CAD83F /* TitleView.swift */,
			);
			path = Controls;
			sourceTree = "<group>";
		};
/* End PBXGroup section */

/* Begin PBXNativeTarget section */
		3F7FD11A24711EAB00C5742E /* CircleUI */ = {
			isa = PBXNativeTarget;
			buildConfigurationList = 3F7FD12F24711EAC00C5742E /* Build configuration list for PBXNativeTarget "CircleUI" */;
			buildPhases = (
				3F7FD11724711EAB00C5742E /* Sources */,
				3F7FD11824711EAB00C5742E /* Frameworks */,
				3F7FD11924711EAB00C5742E /* Resources */,
			);
			buildRules = (
			);
			dependencies = (
			);
			name = CircleUI;
			productName = CircleUI;
			productReference = 3F7FD11B24711EAB00C5742E /* CircleUI.app */;
			productType = "com.apple.product-type.application";
		};
/* End PBXNativeTarget section */

/* Begin PBXProject section */
		3F7FD11324711EAB00C5742E /* Project object */ = {
			isa = PBXProject;
			attributes = {
				LastSwiftUpdateCheck = 1140;
				LastUpgradeCheck = 1140;
				ORGANIZATIONNAME = beon;
				TargetAttributes = {
					3F7FD11A24711EAB00C5742E = {
						CreatedOnToolsVersion = 11.4;
					};
				};
			};
			buildConfigurationList = 3F7FD11624711EAB00C5742E /* Build configuration list for PBXProject "CircleUI" */;
			compatibilityVersion = "Xcode 9.3";
			developmentRegion = en;
			hasScannedForEncodings = 0;
			knownRegions = (
				en,
				Base,
			);
			mainGroup = 3F7FD11224711EAB00C5742E;
			productRefGroup = 3F7FD11C24711EAB00C5742E /* Products */;
			projectDirPath = "";
			projectRoot = "";
			targets = (
				3F7FD11A24711EAB00C5742E /* CircleUI */,
			);
		};
/* End PBXProject section */

/* Begin PBXResourcesBuildPhase section */
		3F7FD11924711EAB00C5742E /* Resources */ = {
			isa = PBXResourcesBuildPhase;
			buildActionMask = 2147483647;
			files = (
				3F7FD12B24711EAC00C5742E /* LaunchScreen.storyboard in Resources */,
				3F7FD12824711EAC00C5742E /* Preview Assets.xcassets in Resources */,
				3F7FD12524711EAC00C5742E /* Assets.xcassets in Resources */,
			);
			runOnlyForDeploymentPostprocessing = 0;
		};
/* End PBXResourcesBuildPhase section */

/* Begin PBXSourcesBuildPhase section */
		3F7FD11724711EAB00C5742E /* Sources */ = {
			isa = PBXSourcesBuildPhase;
			buildActionMask = 2147483647;
			files = (
				3FF59FE5247C1A5600CAD83F /* SignUpView.swift in Sources */,
				3F7FD11F24711EAB00C5742E /* AppDelegate.swift in Sources */,
				3F7FD12124711EAB00C5742E /* SceneDelegate.swift in Sources */,
				3F7FD13424711F3100C5742E /* SignInView.swift in Sources */,
				3FF59FE8247C1C7700CAD83F /* TitleView.swift in Sources */,
			);
			runOnlyForDeploymentPostprocessing = 0;
		};
/* End PBXSourcesBuildPhase section */

/* Begin PBXVariantGroup section */
		3F7FD12924711EAC00C5742E /* LaunchScreen.storyboard */ = {
			isa = PBXVariantGroup;
			children = (
				3F7FD12A24711EAC00C5742E /* Base */,
			);
			name = LaunchScreen.storyboard;
			sourceTree = "<group>";
		};
/* End PBXVariantGroup section */

/* Begin XCBuildConfiguration section */
		3F7FD12D24711EAC00C5742E /* Debug */ = {
			isa = XCBuildConfiguration;
			buildSettings = {
				ALWAYS_SEARCH_USER_PATHS = NO;
				CLANG_ANALYZER_NONNULL = YES;
				CLANG_ANALYZER_NUMBER_OBJECT_CONVERSION = YES_AGGRESSIVE;
				CLANG_CXX_LANGUAGE_STANDARD = "gnu++14";
				CLANG_CXX_LIBRARY = "libc++";
				CLANG_ENABLE_MODULES = YES;
				CLANG_ENABLE_OBJC_ARC = YES;
				CLANG_ENABLE_OBJC_WEAK = YES;
				CLANG_WARN_BLOCK_CAPTURE_AUTORELEASING = YES;
				CLANG_WARN_BOOL_CONVERSION = YES;
				CLANG_WARN_COMMA = YES;
				CLANG_WARN_CONSTANT_CONVERSION = YES;
				CLANG_WARN_DEPRECATED_OBJC_IMPLEMENTATIONS = YES;
				CLANG_WARN_DIRECT_OBJC_ISA_USAGE = YES_ERROR;
				CLANG_WARN_DOCUMENTATION_COMMENTS = YES;
				CLANG_WARN_EMPTY_BODY = YES;
				CLANG_WARN_ENUM_CONVERSION = YES;
				CLANG_WARN_INFINITE_RECURSION = YES;
				CLANG_WARN_INT_CONVERSION = YES;
				CLANG_WARN_NON_LITERAL_NULL_CONVERSION = YES;
				CLANG_WARN_OBJC_IMPLICIT_RETAIN_SELF = YES;
				CLANG_WARN_OBJC_LITERAL_CONVERSION = YES;
				CLANG_WARN_OBJC_ROOT_CLASS = YES_ERROR;
				CLANG_WARN_RANGE_LOOP_ANALYSIS = YES;
				CLANG_WARN_STRICT_PROTOTYPES = YES;
				CLANG_WARN_SUSPICIOUS_MOVE = YES;
				CLANG_WARN_UNGUARDED_AVAILABILITY = YES_AGGRESSIVE;
				CLANG_WARN_UNREACHABLE_CODE = YES;
				CLANG_WARN__DUPLICATE_METHOD_MATCH = YES;
				COPY_PHASE_STRIP = NO;
				DEBUG_INFORMATION_FORMAT = dwarf;
				ENABLE_STRICT_OBJC_MSGSEND = YES;
				ENABLE_TESTABILITY = YES;
				GCC_C_LANGUAGE_STANDARD = gnu11;
				GCC_DYNAMIC_NO_PIC = NO;
				GCC_NO_COMMON_BLOCKS = YES;
				GCC_OPTIMIZATION_LEVEL = 0;
				GCC_PREPROCESSOR_DEFINITIONS = (
					"DEBUG=1",
					"$(inherited)",
				);
				GCC_WARN_64_TO_32_BIT_CONVERSION = YES;
				GCC_WARN_ABOUT_RETURN_TYPE = YES_ERROR;
				GCC_WARN_UNDECLARED_SELECTOR = YES;
				GCC_WARN_UNINITIALIZED_AUTOS = YES_AGGRESSIVE;
				GCC_WARN_UNUSED_FUNCTION = YES;
				GCC_WARN_UNUSED_VARIABLE = YES;
				IPHONEOS_DEPLOYMENT_TARGET = 13.4;
				MTL_ENABLE_DEBUG_INFO = INCLUDE_SOURCE;
				MTL_FAST_MATH = YES;
				ONLY_ACTIVE_ARCH = YES;
				SDKROOT = iphoneos;
				SWIFT_ACTIVE_COMPILATION_CONDITIONS = DEBUG;
				SWIFT_OPTIMIZATION_LEVEL = "-Onone";
			};
			name = Debug;
		};
		3F7FD12E24711EAC00C5742E /* Release */ = {
			isa = XCBuildConfiguration;
			buildSettings = {
				ALWAYS_SEARCH_USER_PATHS = NO;
				CLANG_ANALYZER_NONNULL = YES;
				CLANG_ANALYZER_NUMBER_OBJECT_CONVERSION = YES_AGGRESSIVE;
				CLANG_CXX_LANGUAGE_STANDARD = "gnu++14";
				CLANG_CXX_LIBRARY = "libc++";
				CLANG_ENABLE_MODULES = YES;
				CLANG_ENABLE_OBJC_ARC = YES;
				CLANG_ENABLE_OBJC_WEAK = YES;
				CLANG_WARN_BLOCK_CAPTURE_AUTORELEASING = YES;
				CLANG_WARN_BOOL_CONVERSION = YES;
				CLANG_WARN_COMMA = YES;
				CLANG_WARN_CONSTANT_CONVERSION = YES;
				CLANG_WARN_DEPRECATED_OBJC_IMPLEMENTATIONS = YES;
				CLANG_WARN_DIRECT_OBJC_ISA_USAGE = YES_ERROR;
				CLANG_WARN_DOCUMENTATION_COMMENTS = YES;
				CLANG_WARN_EMPTY_BODY = YES;
				CLANG_WARN_ENUM_CONVERSION = YES;
				CLANG_WARN_INFINITE_RECURSION = YES;
				CLANG_WARN_INT_CONVERSION = YES;
				CLANG_WARN_NON_LITERAL_NULL_CONVERSION = YES;
				CLANG_WARN_OBJC_IMPLICIT_RETAIN_SELF = YES;
				CLANG_WARN_OBJC_LITERAL_CONVERSION = YES;
				CLANG_WARN_OBJC_ROOT_CLASS = YES_ERROR;
				CLANG_WARN_RANGE_LOOP_ANALYSIS = YES;
				CLANG_WARN_STRICT_PROTOTYPES = YES;
				CLANG_WARN_SUSPICIOUS_MOVE = YES;
				CLANG_WARN_UNGUARDED_AVAILABILITY = YES_AGGRESSIVE;
				CLANG_WARN_UNREACHABLE_CODE = YES;
				CLANG_WARN__DUPLICATE_METHOD_MATCH = YES;
				COPY_PHASE_STRIP = NO;
				DEBUG_INFORMATION_FORMAT = "dwarf-with-dsym";
				ENABLE_NS_ASSERTIONS = NO;
				ENABLE_STRICT_OBJC_MSGSEND = YES;
				GCC_C_LANGUAGE_STANDARD = gnu11;
				GCC_NO_COMMON_BLOCKS = YES;
				GCC_WARN_64_TO_32_BIT_CONVERSION = YES;
				GCC_WARN_ABOUT_RETURN_TYPE = YES_ERROR;
				GCC_WARN_UNDECLARED_SELECTOR = YES;
				GCC_WARN_UNINITIALIZED_AUTOS = YES_AGGRESSIVE;
				GCC_WARN_UNUSED_FUNCTION = YES;
				GCC_WARN_UNUSED_VARIABLE = YES;
				IPHONEOS_DEPLOYMENT_TARGET = 13.4;
				MTL_ENABLE_DEBUG_INFO = NO;
				MTL_FAST_MATH = YES;
				SDKROOT = iphoneos;
				SWIFT_COMPILATION_MODE = wholemodule;
				SWIFT_OPTIMIZATION_LEVEL = "-O";
				VALIDATE_PRODUCT = YES;
			};
			name = Release;
		};
		3F7FD13024711EAC00C5742E /* Debug */ = {
			isa = XCBuildConfiguration;
			buildSettings = {
				ASSETCATALOG_COMPILER_APPICON_NAME = AppIcon;
				CODE_SIGN_STYLE = Automatic;
				DEVELOPMENT_ASSET_PATHS = "\"CircleUI/Preview Content\"";
				ENABLE_PREVIEWS = YES;
				INFOPLIST_FILE = CircleUI/Info.plist;
				LD_RUNPATH_SEARCH_PATHS = (
					"$(inherited)",
					"@executable_path/Frameworks",
				);
				PRODUCT_BUNDLE_IDENTIFIER = com.swiftui.circle.CircleUI;
				PRODUCT_NAME = "$(TARGET_NAME)";
				SWIFT_VERSION = 5.0;
				TARGETED_DEVICE_FAMILY = "1,2";
			};
			name = Debug;
		};
		3F7FD13124711EAC00C5742E /* Release */ = {
			isa = XCBuildConfiguration;
			buildSettings = {
				ASSETCATALOG_COMPILER_APPICON_NAME = AppIcon;
				CODE_SIGN_STYLE = Automatic;
				DEVELOPMENT_ASSET_PATHS = "\"CircleUI/Preview Content\"";
				ENABLE_PREVIEWS = YES;
				INFOPLIST_FILE = CircleUI/Info.plist;
				LD_RUNPATH_SEARCH_PATHS = (
					"$(inherited)",
					"@executable_path/Frameworks",
				);
				PRODUCT_BUNDLE_IDENTIFIER = com.swiftui.circle.CircleUI;
				PRODUCT_NAME = "$(TARGET_NAME)";
				SWIFT_VERSION = 5.0;
				TARGETED_DEVICE_FAMILY = "1,2";
			};
			name = Release;
		};
/* End XCBuildConfiguration section */

/* Begin XCConfigurationList section */
		3F7FD11624711EAB00C5742E /* Build configuration list for PBXProject "CircleUI" */ = {
			isa = XCConfigurationList;
			buildConfigurations = (
				3F7FD12D24711EAC00C5742E /* Debug */,
				3F7FD12E24711EAC00C5742E /* Release */,
			);
			defaultConfigurationIsVisible = 0;
			defaultConfigurationName = Release;
		};
		3F7FD12F24711EAC00C5742E /* Build configuration list for PBXNativeTarget "CircleUI" */ = {
			isa = XCConfigurationList;
			buildConfigurations = (
				3F7FD13024711EAC00C5742E /* Debug */,
				3F7FD13124711EAC00C5742E /* Release */,
			);
			defaultConfigurationIsVisible = 0;
			defaultConfigurationName = Release;
		};
/* End XCConfigurationList section */
	};
	rootObject = 3F7FD11324711EAB00C5742E /* Project object */;
}
